<?xml version="1.0" encoding="utf-8"?>
<Project ToolsVersion="4.0" xmlns="http://schemas.microsoft.com/developer/msbuild/2003">
  <ItemGroup>
    <Filter Include="源文件">
      <UniqueIdentifier>{4FC737F1-C7A5-4376-A066-2A32D752A2FF}</UniqueIdentifier>
      <Extensions>cpp;c;cc;cxx;c++;cppm;ixx;def;odl;idl;hpj;bat;asm;asmx</Extensions>
    </Filter>
    <Filter Include="头文件">
      <UniqueIdentifier>{93995380-89BD-4b04-88EB-625FBE52EBFB}</UniqueIdentifier>
      <Extensions>h;hh;hpp;hxx;h++;hm;inl;inc;ipp;xsd</Extensions>
    </Filter>
    <Filter Include="资源文件">
      <UniqueIdentifier>{67DA6AB6-F800-4c08-8B7A-83BB121AAD01}</UniqueIdentifier>
      <Extensions>rc;ico;cur;bmp;dlg;rc2;rct;bin;rgs;gif;jpg;jpeg;jpe;resx;tiff;tif;png;wav;mfcribbon-ms</Extensions>
    </Filter>
  </ItemGroup>
  <ItemGroup>
    <ClCompile Include="001函数模板语法.cpp">
      <Filter>源文件</Filter>
    </ClCompile>
    <ClCompile Include="002函数模板的注意事项.cpp">
      <Filter>源文件</Filter>
    </ClCompile>
    <ClCompile Include="003函数模板案例.cpp">
      <Filter>源文件</Filter>
    </ClCompile>
    <ClCompile Include="004普通函数与函数模板的区别.cpp">
      <Filter>源文件</Filter>
    </ClCompile>
    <ClCompile Include="005普通函数与函数模板的调用规则.cpp">
      <Filter>源文件</Filter>
    </ClCompile>
    <ClCompile Include="006模板的局限性.cpp">
      <Filter>源文件</Filter>
    </ClCompile>
    <ClCompile Include="007类模板语法.cpp">
      <Filter>源文件</Filter>
    </ClCompile>
    <ClCompile Include="008类模板与函数模板区别.cpp">
      <Filter>源文件</Filter>
    </ClCompile>
    <ClCompile Include="009类模板中成员函数的创建时机.cpp">
      <Filter>源文件</Filter>
    </ClCompile>
    <ClCompile Include="010类模板对象做函数参数.cpp">
      <Filter>源文件</Filter>
    </ClCompile>
    <ClCompile Include="011类模板与继承.cpp">
      <Filter>源文件</Filter>
    </ClCompile>
    <ClCompile Include="012类模板成员函数类外实现.cpp">
      <Filter>源文件</Filter>
    </ClCompile>
    <ClCompile Include="013类模板分文件编写.cpp">
      <Filter>源文件</Filter>
    </ClCompile>
    <ClCompile Include="013person03.cpp">
      <Filter>源文件</Filter>
    </ClCompile>
    <ClCompile Include="014类模板与友元.cpp">
      <Filter>源文件</Filter>
    </ClCompile>
    <ClCompile Include="015 STL初识_vector存放内置数据类型.cpp">
      <Filter>源文件</Filter>
    </ClCompile>
    <ClCompile Include="016STL初识_vector容器存放自定义数据类型.cpp">
      <Filter>源文件</Filter>
    </ClCompile>
    <ClCompile Include="017STL初始_vector容器嵌套容器.cpp">
      <Filter>源文件</Filter>
    </ClCompile>
    <ClCompile Include="20string容器_string构造函数.cpp">
      <Filter>源文件</Filter>
    </ClCompile>
    <ClCompile Include="21strin容器_赋值操作.cpp">
      <Filter>源文件</Filter>
    </ClCompile>
    <ClCompile Include="22string容器_字符串拼接.cpp">
      <Filter>源文件</Filter>
    </ClCompile>
    <ClCompile Include="23 string容器_字符串查找和替换.cpp">
      <Filter>源文件</Filter>
    </ClCompile>
    <ClCompile Include="24string容器_字符串比较.cpp">
      <Filter>源文件</Filter>
    </ClCompile>
    <ClCompile Include="25string容器_字符存取.cpp">
      <Filter>源文件</Filter>
    </ClCompile>
    <ClCompile Include="26string容器_字符串插入和删除.cpp">
      <Filter>源文件</Filter>
    </ClCompile>
    <ClCompile Include="27string容器_子串获取.cpp">
      <Filter>源文件</Filter>
    </ClCompile>
    <ClCompile Include="030 vector容器_构造函数.cpp">
      <Filter>源文件</Filter>
    </ClCompile>
    <ClCompile Include="031 vector容器_赋值操作.cpp">
      <Filter>源文件</Filter>
    </ClCompile>
    <ClCompile Include="032 vector容器_容量和大小.cpp">
      <Filter>源文件</Filter>
    </ClCompile>
    <ClCompile Include="033 vector容器_插入和删除.cpp">
      <Filter>源文件</Filter>
    </ClCompile>
    <ClCompile Include="034 vector容器_数据存取.cpp">
      <Filter>源文件</Filter>
    </ClCompile>
    <ClCompile Include="035 vector容器_互换容器.cpp">
      <Filter>源文件</Filter>
    </ClCompile>
    <ClCompile Include="036vector容器_预留空间.cpp">
      <Filter>源文件</Filter>
    </ClCompile>
    <ClCompile Include="037deque容器_构造函数.cpp">
      <Filter>源文件</Filter>
    </ClCompile>
    <ClCompile Include="038deque容器_赋值操作.cpp">
      <Filter>源文件</Filter>
    </ClCompile>
    <ClCompile Include="039deque容器_大小操作.cpp">
      <Filter>源文件</Filter>
    </ClCompile>
    <ClCompile Include="040deque容器_插入和删除.cpp">
      <Filter>源文件</Filter>
    </ClCompile>
    <ClCompile Include="041deque容器_数据存取.cpp">
      <Filter>源文件</Filter>
    </ClCompile>
    <ClCompile Include="042deque容器_排序操作.cpp">
      <Filter>源文件</Filter>
    </ClCompile>
    <ClCompile Include="043stack容器.cpp">
      <Filter>源文件</Filter>
    </ClCompile>
    <ClCompile Include="044queue容器.cpp">
      <Filter>源文件</Filter>
    </ClCompile>
    <ClCompile Include="045list容器_构造函数.cpp">
      <Filter>源文件</Filter>
    </ClCompile>
    <ClCompile Include="046list容器_赋值和交换.cpp">
      <Filter>源文件</Filter>
    </ClCompile>
    <ClCompile Include="047list容器_大小操作.cpp">
      <Filter>源文件</Filter>
    </ClCompile>
    <ClCompile Include="048list容器_插入和删除.cpp">
      <Filter>源文件</Filter>
    </ClCompile>
    <ClCompile Include="049list容器_数据存取.cpp">
      <Filter>源文件</Filter>
    </ClCompile>
    <ClCompile Include="050list容器_反转和排序.cpp">
      <Filter>源文件</Filter>
    </ClCompile>
    <ClCompile Include="051list容器_排序案例.cpp">
      <Filter>源文件</Filter>
    </ClCompile>
    <ClCompile Include="052set容器_构造和赋值.cpp">
      <Filter>源文件</Filter>
    </ClCompile>
    <ClCompile Include="053set容器_大小和交换.cpp">
      <Filter>源文件</Filter>
    </ClCompile>
    <ClCompile Include="054set容器_插入和删除.cpp">
      <Filter>源文件</Filter>
    </ClCompile>
    <ClCompile Include="055set容器_查找和统计.cpp">
      <Filter>源文件</Filter>
    </ClCompile>
    <ClCompile Include="056set容器_set和multiset区别.cpp">
      <Filter>源文件</Filter>
    </ClCompile>
    <ClCompile Include="057pair队组创建.cpp">
      <Filter>源文件</Filter>
    </ClCompile>
    <ClCompile Include="058set容器_排序_set存放内置数据类型.cpp">
      <Filter>源文件</Filter>
    </ClCompile>
    <ClCompile Include="059set容器_排序_set存放自定义数据类型.cpp">
      <Filter>源文件</Filter>
    </ClCompile>
    <ClCompile Include="060map容器_构造和赋值.cpp">
      <Filter>源文件</Filter>
    </ClCompile>
    <ClCompile Include="061map容器_大小和交换.cpp">
      <Filter>源文件</Filter>
    </ClCompile>
    <ClCompile Include="062map容器_插入和删除.cpp">
      <Filter>源文件</Filter>
    </ClCompile>
    <ClCompile Include="063map容器_查找和统计.cpp">
      <Filter>源文件</Filter>
    </ClCompile>
    <ClCompile Include="064map容器_排序.cpp">
      <Filter>源文件</Filter>
    </ClCompile>
    <ClCompile Include="065STL员工分组.cpp">
      <Filter>源文件</Filter>
    </ClCompile>
    <ClCompile Include="066函数对象的基本使用.cpp">
      <Filter>源文件</Filter>
    </ClCompile>
    <ClCompile Include="067一元谓词.cpp">
      <Filter>源文件</Filter>
    </ClCompile>
  </ItemGroup>
  <ItemGroup>
    <ClInclude Include="013person013.h">
      <Filter>头文件</Filter>
    </ClInclude>
    <ClInclude Include="013person013.hpp">
      <Filter>头文件</Filter>
    </ClInclude>
  </ItemGroup>
</Project>